{
  "name": "Calendar API",
  "lockfileVersion": 3,
  "requires": true,
  "packages": {
    "": {
      "dependencies": {
        "@azure/msal-react": "^2.2.0",
        "package": "^1.0.1"
      }
    },
    "node_modules/@azure/msal-browser": {
      "version": "3.28.0",
      "resolved": "https://registry.npmjs.org/@azure/msal-browser/-/msal-browser-3.28.0.tgz",
      "integrity": "sha512-1c1qUF6vB52mWlyoMem4xR1gdwiQWYEQB2uhDkbAL4wVJr8WmAcXybc1Qs33y19N4BdPI8/DHI7rPE8L5jMtWw==",
      "license": "MIT",
      "peer": true,
      "dependencies": {
        "@azure/msal-common": "14.16.0"
      },
      "engines": {
        "node": ">=0.8.0"
      }
    },
    "node_modules/@azure/msal-common": {
      "version": "14.16.0",
      "resolved": "https://registry.npmjs.org/@azure/msal-common/-/msal-common-14.16.0.tgz",
      "integrity": "sha512-1KOZj9IpcDSwpNiQNjt0jDYZpQvNZay7QAEi/5DLubay40iGYtLzya/jbjRPLyOTZhEKyL1MzPuw2HqBCjceYA==",
      "license": "MIT",
      "peer": true,
      "engines": {
        "node": ">=0.8.0"
      }
    },
    "node_modules/@azure/msal-react": {
      "version": "2.2.0",
      "resolved": "https://registry.npmjs.org/@azure/msal-react/-/msal-react-2.2.0.tgz",
      "integrity": "sha512-2V+9JXeXyyjYNF92y5u0tU4el9px/V1+vkRuN+DtoxyiMHCtYQpJoaFdGWArh43zhz5aqQqiGW/iajPDSu3QsQ==",
      "license": "MIT",
      "engines": {
        "node": ">=10"
      },
      "peerDependencies": {
        "@azure/msal-browser": "^3.27.0",
        "react": "^16.8.0 || ^17 || ^18"
      }
    },
    "node_modules/js-tokens": {
      "version": "4.0.0",
      "resolved": "https://registry.npmjs.org/js-tokens/-/js-tokens-4.0.0.tgz",
      "integrity": "sha512-RdJUflcE3cUzKiMqQgsCu06FPu9UdIJO0beYbPhHN4k6apgJtifcoCtT9bcxOpYBtpD2kCM6Sbzg4CausW/PKQ==",
      "license": "MIT",
      "peer": true
    },
    "node_modules/loose-envify": {
      "version": "1.4.0",
      "resolved": "https://registry.npmjs.org/loose-envify/-/loose-envify-1.4.0.tgz",
      "integrity": "sha512-lyuxPGr/Wfhrlem2CL/UcnUc1zcqKAImBDzukY7Y5F/yQiNdko6+fRLevlw1HgMySw7f611UIY408EtxRSoK3Q==",
      "license": "MIT",
      "peer": true,
      "dependencies": {
        "js-tokens": "^3.0.0 || ^4.0.0"
      },
      "bin": {
        "loose-envify": "cli.js"
      }
    },
    "node_modules/package": {
      "version": "1.0.1",
      "resolved": "https://registry.npmjs.org/package/-/package-1.0.1.tgz",
      "integrity": "sha512-g6xZR6CO7okjie83sIRJodgGvaXqymfE5GLhN8N2TmZGShmHc/V23hO/vWbdnuy3D81As3pfovw72gGi42l9qA==",
      "engines": {
        "node": ">= 0.6.0"
      }
    },
    "node_modules/react": {
      "version": "18.3.1",
      "resolved": "https://registry.npmjs.org/react/-/react-18.3.1.tgz",
      "integrity": "sha512-wS+hAgJShR0KhEvPJArfuPVN1+Hz1t0Y6n5jLrGQbkb4urgPE/0Rve+1kMB1v/oWgHgm4WIcV+i7F2pTVj+2iQ==",
      "license": "MIT",
      "peer": true,
      "dependencies": {
        "loose-envify": "^1.1.0"
      },
      "engines": {
        "node": ">=0.10.0"
      }
    }
  }
}
